// !$*UTF8*$!
{
	archiveVersion = 1;
	classes = {
	};
	objectVersion = 56;
	objects = {

/* Begin PBXBuildFile section */
		FB6322E728CE4D9100890F7C /* FreeCombineExamplesApp.swift in Sources */ = {isa = PBXBuildFile; fileRef = FB6322E628CE4D9100890F7C /* FreeCombineExamplesApp.swift */; };
		FB6322E928CE4D9100890F7C /* ContentView.swift in Sources */ = {isa = PBXBuildFile; fileRef = FB6322E828CE4D9100890F7C /* ContentView.swift */; };
		FB6322EB28CE4D9200890F7C /* Assets.xcassets in Resources */ = {isa = PBXBuildFile; fileRef = FB6322EA28CE4D9200890F7C /* Assets.xcassets */; };
		FB6322EE28CE4D9200890F7C /* Preview Assets.xcassets in Resources */ = {isa = PBXBuildFile; fileRef = FB6322ED28CE4D9200890F7C /* Preview Assets.xcassets */; };
		FB6322FB28CE509B00890F7C /* FreeCombine in Frameworks */ = {isa = PBXBuildFile; productRef = FB6322FA28CE509B00890F7C /* FreeCombine */; };
/* End PBXBuildFile section */

/* Begin PBXFileReference section */
		FB6322E328CE4D9100890F7C /* FreeCombineExamples.app */ = {isa = PBXFileReference; explicitFileType = wrapper.application; includeInIndex = 0; path = FreeCombineExamples.app; sourceTree = BUILT_PRODUCTS_DIR; };
		FB6322E628CE4D9100890F7C /* FreeCombineExamplesApp.swift */ = {isa = PBXFileReference; lastKnownFileType = sourcecode.swift; path = FreeCombineExamplesApp.swift; sourceTree = "<group>"; };
		FB6322E828CE4D9100890F7C /* ContentView.swift */ = {isa = PBXFileReference; lastKnownFileType = sourcecode.swift; path = ContentView.swift; sourceTree = "<group>"; };
		FB6322EA28CE4D9200890F7C /* Assets.xcassets */ = {isa = PBXFileReference; lastKnownFileType = folder.assetcatalog; path = Assets.xcassets; sourceTree = "<group>"; };
		FB6322ED28CE4D9200890F7C /* Preview Assets.xcassets */ = {isa = PBXFileReference; lastKnownFileType = folder.assetcatalog; path = "Preview Assets.xcassets"; sourceTree = "<group>"; };
		FB6322F828CE4FFE00890F7C /* FreeCombine */ = {isa = PBXFileReference; lastKnownFileType = wrapper; name = FreeCombine; path = ../FreeCombine; sourceTree = "<group>"; };
		FB6322FC28CFEEDD00890F7C /* Atomics.playground */ = {isa = PBXFileReference; lastKnownFileType = file.playground; path = Atomics.playground; sourceTree = "<group>"; xcLanguageSpecificationIdentifier = xcode.lang.swift; };
		FB7DD4C428E25F2000D6B554 /* Map.playground */ = {isa = PBXFileReference; lastKnownFileType = file.playground; path = Map.playground; sourceTree = "<group>"; xcLanguageSpecificationIdentifier = xcode.lang.swift; };
/* End PBXFileReference section */

/* Begin PBXFrameworksBuildPhase section */
		FB6322E028CE4D9100890F7C /* Frameworks */ = {
			isa = PBXFrameworksBuildPhase;
			buildActionMask = 2147483647;
			files = (
				FB6322FB28CE509B00890F7C /* FreeCombine in Frameworks */,
			);
			runOnlyForDeploymentPostprocessing = 0;
		};
/* End PBXFrameworksBuildPhase section */

/* Begin PBXGroup section */
		FB6322DA28CE4D9100890F7C = {
			isa = PBXGroup;
			children = (
				FB7DD4C428E25F2000D6B554 /* Map.playground */,
				FB6322FC28CFEEDD00890F7C /* Atomics.playground */,
				FB6322E528CE4D9100890F7C /* FreeCombineExamples */,
				FB6322F728CE4FFE00890F7C /* Packages */,
				FB6322E428CE4D9100890F7C /* Products */,
				FB6322F928CE509B00890F7C /* Frameworks */,
			);
			sourceTree = "<group>";
		};
		FB6322E428CE4D9100890F7C /* Products */ = {
			isa = PBXGroup;
			children = (
				FB6322E328CE4D9100890F7C /* FreeCombineExamples.app */,
			);
			name = Products;
			sourceTree = "<group>";
		};
		FB6322E528CE4D9100890F7C /* FreeCombineExamples */ = {
			isa = PBXGroup;
			children = (
				FB6322E628CE4D9100890F7C /* FreeCombineExamplesApp.swift */,
				FB6322E828CE4D9100890F7C /* ContentView.swift */,
				FB6322EA28CE4D9200890F7C /* Assets.xcassets */,
				FB6322EC28CE4D9200890F7C /* Preview Content */,
			);
			path = FreeCombineExamples;
			sourceTree = "<group>";
		};
		FB6322EC28CE4D9200890F7C /* Preview Content */ = {
			isa = PBXGroup;
			children = (
				FB6322ED28CE4D9200890F7C /* Preview Assets.xcassets */,
			);
			path = "Preview Content";
			sourceTree = "<group>";
		};
		FB6322F728CE4FFE00890F7C /* Packages */ = {
			isa = PBXGroup;
			children = (
				FB6322F828CE4FFE00890F7C /* FreeCombine */,
			);
			name = Packages;
			sourceTree = "<group>";
		};
		FB6322F928CE509B00890F7C /* Frameworks */ = {
			isa = PBXGroup;
			children = (
			);
			name = Frameworks;
			sourceTree = "<group>";
		};
/* End PBXGroup section */

/* Begin PBXNativeTarget section */
		FB6322E228CE4D9100890F7C /* FreeCombineExamples */ = {
			isa = PBXNativeTarget;
			buildConfigurationList = FB6322F128CE4D9200890F7C /* Build configuration list for PBXNativeTarget "FreeCombineExamples" */;
			buildPhases = (
				FB6322DF28CE4D9100890F7C /* Sources */,
				FB6322E028CE4D9100890F7C /* Frameworks */,
				FB6322E128CE4D9100890F7C /* Resources */,
			);
			buildRules = (
			);
			dependencies = (
			);
			name = FreeCombineExamples;
			packageProductDependencies = (
				FB6322FA28CE509B00890F7C /* FreeCombine */,
			);
			productName = FreeCombineExamples;
			productReference = FB6322E328CE4D9100890F7C /* FreeCombineExamples.app */;
			productType = "com.apple.product-type.application";
		};
/* End PBXNativeTarget section */

/* Begin PBXProject section */
		FB6322DB28CE4D9100890F7C /* Project object */ = {
			isa = PBXProject;
			attributes = {
				BuildIndependentTargetsInParallel = 1;
				LastSwiftUpdateCheck = 1400;
				LastUpgradeCheck = 1400;
				TargetAttributes = {
					FB6322E228CE4D9100890F7C = {
						CreatedOnToolsVersion = 14.0;
					};
				};
			};
			buildConfigurationList = FB6322DE28CE4D9100890F7C /* Build configuration list for PBXProject "FreeCombineExamples" */;
			compatibilityVersion = "Xcode 14.0";
			developmentRegion = en;
			hasScannedForEncodings = 0;
			knownRegions = (
				en,
				Base,
			);
			mainGroup = FB6322DA28CE4D9100890F7C;
			productRefGroup = FB6322E428CE4D9100890F7C /* Products */;
			projectDirPath = "";
			projectRoot = "";
			targets = (
				FB6322E228CE4D9100890F7C /* FreeCombineExamples */,
			);
		};
/* End PBXProject section */

/* Begin PBXResourcesBuildPhase section */
		FB6322E128CE4D9100890F7C /* Resources */ = {
			isa = PBXResourcesBuildPhase;
			buildActionMask = 2147483647;
			files = (
				FB6322EE28CE4D9200890F7C /* Preview Assets.xcassets in Resources */,
				FB6322EB28CE4D9200890F7C /* Assets.xcassets in Resources */,
			);
			runOnlyForDeploymentPostprocessing = 0;
		};
/* End PBXResourcesBuildPhase section */

/* Begin PBXSourcesBuildPhase section */
		FB6322DF28CE4D9100890F7C /* Sources */ = {
			isa = PBXSourcesBuildPhase;
			buildActionMask = 2147483647;
			files = (
				FB6322E928CE4D9100890F7C /* ContentView.swift in Sources */,
				FB6322E728CE4D9100890F7C /* FreeCombineExamplesApp.swift in Sources */,
			);
			runOnlyForDeploymentPostprocessing = 0;
		};
/* End PBXSourcesBuildPhase section */

/* Begin XCBuildConfiguration section */
		FB6322EF28CE4D9200890F7C /* Debug */ = {
			isa = XCBuildConfiguration;
			buildSettings = {
				ALWAYS_SEARCH_USER_PATHS = NO;
				CLANG_ANALYZER_NONNULL = YES;
				CLANG_ANALYZER_NUMBER_OBJECT_CONVERSION = YES_AGGRESSIVE;
				CLANG_CXX_LANGUAGE_STANDARD = "gnu++20";
				CLANG_ENABLE_MODULES = YES;
				CLANG_ENABLE_OBJC_ARC = YES;
				CLANG_ENABLE_OBJC_WEAK = YES;
				CLANG_WARN_BLOCK_CAPTURE_AUTORELEASING = YES;
				CLANG_WARN_BOOL_CONVERSION = YES;
				CLANG_WARN_COMMA = YES;
				CLANG_WARN_CONSTANT_CONVERSION = YES;
				CLANG_WARN_DEPRECATED_OBJC_IMPLEMENTATIONS = YES;
				CLANG_WARN_DIRECT_OBJC_ISA_USAGE = YES_ERROR;
				CLANG_WARN_DOCUMENTATION_COMMENTS = YES;
				CLANG_WARN_EMPTY_BODY = YES;
				CLANG_WARN_ENUM_CONVERSION = YES;
				CLANG_WARN_INFINITE_RECURSION = YES;
				CLANG_WARN_INT_CONVERSION = YES;
				CLANG_WARN_NON_LITERAL_NULL_CONVERSION = YES;
				CLANG_WARN_OBJC_IMPLICIT_RETAIN_SELF = YES;
				CLANG_WARN_OBJC_LITERAL_CONVERSION = YES;
				CLANG_WARN_OBJC_ROOT_CLASS = YES_ERROR;
				CLANG_WARN_QUOTED_INCLUDE_IN_FRAMEWORK_HEADER = YES;
				CLANG_WARN_RANGE_LOOP_ANALYSIS = YES;
				CLANG_WARN_STRICT_PROTOTYPES = YES;
				CLANG_WARN_SUSPICIOUS_MOVE = YES;
				CLANG_WARN_UNGUARDED_AVAILABILITY = YES_AGGRESSIVE;
				CLANG_WARN_UNREACHABLE_CODE = YES;
				CLANG_WARN__DUPLICATE_METHOD_MATCH = YES;
				COPY_PHASE_STRIP = NO;
				DEBUG_INFORMATION_FORMAT = dwarf;
				ENABLE_STRICT_OBJC_MSGSEND = YES;
				ENABLE_TESTABILITY = YES;
				GCC_C_LANGUAGE_STANDARD = gnu11;
				GCC_DYNAMIC_NO_PIC = NO;
				GCC_NO_COMMON_BLOCKS = YES;
				GCC_OPTIMIZATION_LEVEL = 0;
				GCC_PREPROCESSOR_DEFINITIONS = (
					"DEBUG=1",
					"$(inherited)",
				);
				GCC_WARN_64_TO_32_BIT_CONVERSION = YES;
				GCC_WARN_ABOUT_RETURN_TYPE = YES_ERROR;
				GCC_WARN_UNDECLARED_SELECTOR = YES;
				GCC_WARN_UNINITIALIZED_AUTOS = YES_AGGRESSIVE;
				GCC_WARN_UNUSED_FUNCTION = YES;
				GCC_WARN_UNUSED_VARIABLE = YES;
				IPHONEOS_DEPLOYMENT_TARGET = 16.0;
				MTL_ENABLE_DEBUG_INFO = INCLUDE_SOURCE;
				MTL_FAST_MATH = YES;
				ONLY_ACTIVE_ARCH = YES;
				SDKROOT = iphoneos;
				SWIFT_ACTIVE_COMPILATION_CONDITIONS = DEBUG;
				SWIFT_OPTIMIZATION_LEVEL = "-Onone";
			};
			name = Debug;
		};
		FB6322F028CE4D9200890F7C /* Release */ = {
			isa = XCBuildConfiguration;
			buildSettings = {
				ALWAYS_SEARCH_USER_PATHS = NO;
				CLANG_ANALYZER_NONNULL = YES;
				CLANG_ANALYZER_NUMBER_OBJECT_CONVERSION = YES_AGGRESSIVE;
				CLANG_CXX_LANGUAGE_STANDARD = "gnu++20";
				CLANG_ENABLE_MODULES = YES;
				CLANG_ENABLE_OBJC_ARC = YES;
				CLANG_ENABLE_OBJC_WEAK = YES;
				CLANG_WARN_BLOCK_CAPTURE_AUTORELEASING = YES;
				CLANG_WARN_BOOL_CONVERSION = YES;
				CLANG_WARN_COMMA = YES;
				CLANG_WARN_CONSTANT_CONVERSION = YES;
				CLANG_WARN_DEPRECATED_OBJC_IMPLEMENTATIONS = YES;
				CLANG_WARN_DIRECT_OBJC_ISA_USAGE = YES_ERROR;
				CLANG_WARN_DOCUMENTATION_COMMENTS = YES;
				CLANG_WARN_EMPTY_BODY = YES;
				CLANG_WARN_ENUM_CONVERSION = YES;
				CLANG_WARN_INFINITE_RECURSION = YES;
				CLANG_WARN_INT_CONVERSION = YES;
				CLANG_WARN_NON_LITERAL_NULL_CONVERSION = YES;
				CLANG_WARN_OBJC_IMPLICIT_RETAIN_SELF = YES;
				CLANG_WARN_OBJC_LITERAL_CONVERSION = YES;
				CLANG_WARN_OBJC_ROOT_CLASS = YES_ERROR;
				CLANG_WARN_QUOTED_INCLUDE_IN_FRAMEWORK_HEADER = YES;
				CLANG_WARN_RANGE_LOOP_ANALYSIS = YES;
				CLANG_WARN_STRICT_PROTOTYPES = YES;
				CLANG_WARN_SUSPICIOUS_MOVE = YES;
				CLANG_WARN_UNGUARDED_AVAILABILITY = YES_AGGRESSIVE;
				CLANG_WARN_UNREACHABLE_CODE = YES;
				CLANG_WARN__DUPLICATE_METHOD_MATCH = YES;
				COPY_PHASE_STRIP = NO;
				DEBUG_INFORMATION_FORMAT = "dwarf-with-dsym";
				ENABLE_NS_ASSERTIONS = NO;
				ENABLE_STRICT_OBJC_MSGSEND = YES;
				GCC_C_LANGUAGE_STANDARD = gnu11;
				GCC_NO_COMMON_BLOCKS = YES;
				GCC_WARN_64_TO_32_BIT_CONVERSION = YES;
				GCC_WARN_ABOUT_RETURN_TYPE = YES_ERROR;
				GCC_WARN_UNDECLARED_SELECTOR = YES;
				GCC_WARN_UNINITIALIZED_AUTOS = YES_AGGRESSIVE;
				GCC_WARN_UNUSED_FUNCTION = YES;
				GCC_WARN_UNUSED_VARIABLE = YES;
				IPHONEOS_DEPLOYMENT_TARGET = 16.0;
				MTL_ENABLE_DEBUG_INFO = NO;
				MTL_FAST_MATH = YES;
				SDKROOT = iphoneos;
				SWIFT_COMPILATION_MODE = wholemodule;
				SWIFT_OPTIMIZATION_LEVEL = "-O";
				VALIDATE_PRODUCT = YES;
			};
			name = Release;
		};
		FB6322F228CE4D9200890F7C /* Debug */ = {
			isa = XCBuildConfiguration;
			buildSettings = {
				ASSETCATALOG_COMPILER_APPICON_NAME = AppIcon;
				ASSETCATALOG_COMPILER_GLOBAL_ACCENT_COLOR_NAME = AccentColor;
				CODE_SIGN_STYLE = Automatic;
				CURRENT_PROJECT_VERSION = 1;
				DEVELOPMENT_ASSET_PATHS = "\"FreeCombineExamples/Preview Content\"";
				DEVELOPMENT_TEAM = 49D8NY9JB9;
				ENABLE_PREVIEWS = YES;
				GENERATE_INFOPLIST_FILE = YES;
				INFOPLIST_KEY_UIApplicationSceneManifest_Generation = YES;
				INFOPLIST_KEY_UIApplicationSupportsIndirectInputEvents = YES;
				INFOPLIST_KEY_UILaunchScreen_Generation = YES;
				INFOPLIST_KEY_UISupportedInterfaceOrientations_iPad = "UIInterfaceOrientationPortrait UIInterfaceOrientationPortraitUpsideDown UIInterfaceOrientationLandscapeLeft UIInterfaceOrientationLandscapeRight";
				INFOPLIST_KEY_UISupportedInterfaceOrientations_iPhone = "UIInterfaceOrientationPortrait UIInterfaceOrientationLandscapeLeft UIInterfaceOrientationLandscapeRight";
				LD_RUNPATH_SEARCH_PATHS = (
					"$(inherited)",
					"@executable_path/Frameworks",
				);
				MARKETING_VERSION = 1.0;
				PRODUCT_BUNDLE_IDENTIFIER = com.computecycles.FreeCombineExamples;
				PRODUCT_NAME = "$(TARGET_NAME)";
				SWIFT_EMIT_LOC_STRINGS = YES;
				SWIFT_VERSION = 5.0;
				TARGETED_DEVICE_FAMILY = "1,2";
			};
			name = Debug;
		};
		FB6322F328CE4D9200890F7C /* Release */ = {
			isa = XCBuildConfiguration;
			buildSettings = {
				ASSETCATALOG_COMPILER_APPICON_NAME = AppIcon;
				ASSETCATALOG_COMPILER_GLOBAL_ACCENT_COLOR_NAME = AccentColor;
				CODE_SIGN_STYLE = Automatic;
				CURRENT_PROJECT_VERSION = 1;
				DEVELOPMENT_ASSET_PATHS = "\"FreeCombineExamples/Preview Content\"";
				DEVELOPMENT_TEAM = 49D8NY9JB9;
				ENABLE_PREVIEWS = YES;
				GENERATE_INFOPLIST_FILE = YES;
				INFOPLIST_KEY_UIApplicationSceneManifest_Generation = YES;
				INFOPLIST_KEY_UIApplicationSupportsIndirectInputEvents = YES;
				INFOPLIST_KEY_UILaunchScreen_Generation = YES;
				INFOPLIST_KEY_UISupportedInterfaceOrientations_iPad = "UIInterfaceOrientationPortrait UIInterfaceOrientationPortraitUpsideDown UIInterfaceOrientationLandscapeLeft UIInterfaceOrientationLandscapeRight";
				INFOPLIST_KEY_UISupportedInterfaceOrientations_iPhone = "UIInterfaceOrientationPortrait UIInterfaceOrientationLandscapeLeft UIInterfaceOrientationLandscapeRight";
				LD_RUNPATH_SEARCH_PATHS = (
					"$(inherited)",
					"@executable_path/Frameworks",
				);
				MARKETING_VERSION = 1.0;
				PRODUCT_BUNDLE_IDENTIFIER = com.computecycles.FreeCombineExamples;
				PRODUCT_NAME = "$(TARGET_NAME)";
				SWIFT_EMIT_LOC_STRINGS = YES;
				SWIFT_VERSION = 5.0;
				TARGETED_DEVICE_FAMILY = "1,2";
			};
			name = Release;
		};
/* End XCBuildConfiguration section */

/* Begin XCConfigurationList section */
		FB6322DE28CE4D9100890F7C /* Build configuration list for PBXProject "FreeCombineExamples" */ = {
			isa = XCConfigurationList;
			buildConfigurations = (
				FB6322EF28CE4D9200890F7C /* Debug */,
				FB6322F028CE4D9200890F7C /* Release */,
			);
			defaultConfigurationIsVisible = 0;
			defaultConfigurationName = Release;
		};
		FB6322F128CE4D9200890F7C /* Build configuration list for PBXNativeTarget "FreeCombineExamples" */ = {
			isa = XCConfigurationList;
			buildConfigurations = (
				FB6322F228CE4D9200890F7C /* Debug */,
				FB6322F328CE4D9200890F7C /* Release */,
			);
			defaultConfigurationIsVisible = 0;
			defaultConfigurationName = Release;
		};
/* End XCConfigurationList section */

/* Begin XCSwiftPackageProductDependency section */
		FB6322FA28CE509B00890F7C /* FreeCombine */ = {
			isa = XCSwiftPackageProductDependency;
			productName = FreeCombine;
		};
/* End XCSwiftPackageProductDependency section */
	};
	rootObject = FB6322DB28CE4D9100890F7C /* Project object */;
}
