// !$*UTF8*$!
{
	archiveVersion = 1;
	classes = {
	};
	objectVersion = 56;
	objects = {

/* Begin PBXBuildFile section */
		FBC82379294622A10084250F /* ExamplesApp.swift in Sources */ = {isa = PBXBuildFile; fileRef = FBC82378294622A10084250F /* ExamplesApp.swift */; };
		FBC8237B294622A10084250F /* ContentView.swift in Sources */ = {isa = PBXBuildFile; fileRef = FBC8237A294622A10084250F /* ContentView.swift */; };
		FBC8237D294622A20084250F /* Assets.xcassets in Resources */ = {isa = PBXBuildFile; fileRef = FBC8237C294622A20084250F /* Assets.xcassets */; };
		FBC82381294622A20084250F /* Preview Assets.xcassets in Resources */ = {isa = PBXBuildFile; fileRef = FBC82380294622A20084250F /* Preview Assets.xcassets */; };
		FBC8238B294622A20084250F /* ExamplesTests.swift in Sources */ = {isa = PBXBuildFile; fileRef = FBC8238A294622A20084250F /* ExamplesTests.swift */; };
		FBC82395294622A20084250F /* ExamplesUITests.swift in Sources */ = {isa = PBXBuildFile; fileRef = FBC82394294622A20084250F /* ExamplesUITests.swift */; };
		FBC82397294622A20084250F /* ExamplesUITestsLaunchTests.swift in Sources */ = {isa = PBXBuildFile; fileRef = FBC82396294622A20084250F /* ExamplesUITestsLaunchTests.swift */; };
		FBC823A82946234C0084250F /* ComposableConcurrency in Frameworks */ = {isa = PBXBuildFile; productRef = FBC823A72946234C0084250F /* ComposableConcurrency */; };
		FBC823AB294624780084250F /* ComposableArchitecture in Frameworks */ = {isa = PBXBuildFile; productRef = FBC823AA294624780084250F /* ComposableArchitecture */; };
		FBC823AD294624780084250F /* Dependencies in Frameworks */ = {isa = PBXBuildFile; productRef = FBC823AC294624780084250F /* Dependencies */; };
		FBC823AF29464AF40084250F /* Application.swift in Sources */ = {isa = PBXBuildFile; fileRef = FBC823AE29464AF40084250F /* Application.swift */; };
		FBC823B1294651960084250F /* CoreView.swift in Sources */ = {isa = PBXBuildFile; fileRef = FBC823B0294651960084250F /* CoreView.swift */; };
		FBC823B3294653720084250F /* ChannelView.swift in Sources */ = {isa = PBXBuildFile; fileRef = FBC823B2294653720084250F /* ChannelView.swift */; };
		FBC823B5294653810084250F /* QueueView.swift in Sources */ = {isa = PBXBuildFile; fileRef = FBC823B4294653810084250F /* QueueView.swift */; };
		FBC823B7294653910084250F /* FutureView.swift in Sources */ = {isa = PBXBuildFile; fileRef = FBC823B6294653910084250F /* FutureView.swift */; };
		FBC823B92946539A0084250F /* PublisherView.swift in Sources */ = {isa = PBXBuildFile; fileRef = FBC823B82946539A0084250F /* PublisherView.swift */; };
/* End PBXBuildFile section */

/* Begin PBXContainerItemProxy section */
		FBC82387294622A20084250F /* PBXContainerItemProxy */ = {
			isa = PBXContainerItemProxy;
			containerPortal = FBC8236D294622A10084250F /* Project object */;
			proxyType = 1;
			remoteGlobalIDString = FBC82374294622A10084250F;
			remoteInfo = Examples;
		};
		FBC82391294622A20084250F /* PBXContainerItemProxy */ = {
			isa = PBXContainerItemProxy;
			containerPortal = FBC8236D294622A10084250F /* Project object */;
			proxyType = 1;
			remoteGlobalIDString = FBC82374294622A10084250F;
			remoteInfo = Examples;
		};
/* End PBXContainerItemProxy section */

/* Begin PBXFileReference section */
		FB25793A29588FD4005001CB /* Concurrency.playground */ = {isa = PBXFileReference; lastKnownFileType = file.playground; name = Concurrency.playground; path = ../Playgrounds/Concurrency.playground; sourceTree = "<group>"; xcLanguageSpecificationIdentifier = xcode.lang.swift; };
		FB8A343029513E5100F144FA /* Timeout.playground */ = {isa = PBXFileReference; lastKnownFileType = file.playground; name = Timeout.playground; path = ../Playgrounds/Timeout.playground; sourceTree = "<group>"; };
		FB8A34312951407300F144FA /* Atomics.playground */ = {isa = PBXFileReference; lastKnownFileType = file.playground; name = Atomics.playground; path = ../Atomics.playground; sourceTree = "<group>"; xcLanguageSpecificationIdentifier = xcode.lang.swift; };
		FB8A343229514FA500F144FA /* Composition.playground */ = {isa = PBXFileReference; lastKnownFileType = file.playground; name = Composition.playground; path = ../Playgrounds/Composition.playground; sourceTree = "<group>"; xcLanguageSpecificationIdentifier = xcode.lang.swift; };
		FB8A343329514FAE00F144FA /* Map.playground */ = {isa = PBXFileReference; lastKnownFileType = file.playground; name = Map.playground; path = ../Playgrounds/Map.playground; sourceTree = "<group>"; xcLanguageSpecificationIdentifier = xcode.lang.swift; };
		FB8A343429514FB500F144FA /* Debounce.playground */ = {isa = PBXFileReference; lastKnownFileType = file.playground; name = Debounce.playground; path = ../Playgrounds/Debounce.playground; sourceTree = "<group>"; xcLanguageSpecificationIdentifier = xcode.lang.swift; };
		FBC82375294622A10084250F /* Examples.app */ = {isa = PBXFileReference; explicitFileType = wrapper.application; includeInIndex = 0; path = Examples.app; sourceTree = BUILT_PRODUCTS_DIR; };
		FBC82378294622A10084250F /* ExamplesApp.swift */ = {isa = PBXFileReference; lastKnownFileType = sourcecode.swift; path = ExamplesApp.swift; sourceTree = "<group>"; };
		FBC8237A294622A10084250F /* ContentView.swift */ = {isa = PBXFileReference; lastKnownFileType = sourcecode.swift; path = ContentView.swift; sourceTree = "<group>"; };
		FBC8237C294622A20084250F /* Assets.xcassets */ = {isa = PBXFileReference; lastKnownFileType = folder.assetcatalog; path = Assets.xcassets; sourceTree = "<group>"; };
		FBC8237E294622A20084250F /* Examples.entitlements */ = {isa = PBXFileReference; lastKnownFileType = text.plist.entitlements; path = Examples.entitlements; sourceTree = "<group>"; };
		FBC82380294622A20084250F /* Preview Assets.xcassets */ = {isa = PBXFileReference; lastKnownFileType = folder.assetcatalog; path = "Preview Assets.xcassets"; sourceTree = "<group>"; };
		FBC82386294622A20084250F /* ExamplesTests.xctest */ = {isa = PBXFileReference; explicitFileType = wrapper.cfbundle; includeInIndex = 0; path = ExamplesTests.xctest; sourceTree = BUILT_PRODUCTS_DIR; };
		FBC8238A294622A20084250F /* ExamplesTests.swift */ = {isa = PBXFileReference; lastKnownFileType = sourcecode.swift; path = ExamplesTests.swift; sourceTree = "<group>"; };
		FBC82390294622A20084250F /* ExamplesUITests.xctest */ = {isa = PBXFileReference; explicitFileType = wrapper.cfbundle; includeInIndex = 0; path = ExamplesUITests.xctest; sourceTree = BUILT_PRODUCTS_DIR; };
		FBC82394294622A20084250F /* ExamplesUITests.swift */ = {isa = PBXFileReference; lastKnownFileType = sourcecode.swift; path = ExamplesUITests.swift; sourceTree = "<group>"; };
		FBC82396294622A20084250F /* ExamplesUITestsLaunchTests.swift */ = {isa = PBXFileReference; lastKnownFileType = sourcecode.swift; path = ExamplesUITestsLaunchTests.swift; sourceTree = "<group>"; };
		FBC823A4294623040084250F /* ComposableConcurrency */ = {isa = PBXFileReference; lastKnownFileType = wrapper; name = ComposableConcurrency; path = ../ComposableConcurrency; sourceTree = "<group>"; };
		FBC823A5294623430084250F /* Info.plist */ = {isa = PBXFileReference; lastKnownFileType = text.plist; path = Info.plist; sourceTree = "<group>"; };
		FBC823AE29464AF40084250F /* Application.swift */ = {isa = PBXFileReference; lastKnownFileType = sourcecode.swift; path = Application.swift; sourceTree = "<group>"; };
		FBC823B0294651960084250F /* CoreView.swift */ = {isa = PBXFileReference; lastKnownFileType = sourcecode.swift; path = CoreView.swift; sourceTree = "<group>"; };
		FBC823B2294653720084250F /* ChannelView.swift */ = {isa = PBXFileReference; lastKnownFileType = sourcecode.swift; path = ChannelView.swift; sourceTree = "<group>"; };
		FBC823B4294653810084250F /* QueueView.swift */ = {isa = PBXFileReference; lastKnownFileType = sourcecode.swift; path = QueueView.swift; sourceTree = "<group>"; };
		FBC823B6294653910084250F /* FutureView.swift */ = {isa = PBXFileReference; lastKnownFileType = sourcecode.swift; path = FutureView.swift; sourceTree = "<group>"; };
		FBC823B82946539A0084250F /* PublisherView.swift */ = {isa = PBXFileReference; lastKnownFileType = sourcecode.swift; path = PublisherView.swift; sourceTree = "<group>"; };
		FBE200F529607B6900F59C1B /* 03 - Race Conditions in Combine.playground */ = {isa = PBXFileReference; lastKnownFileType = file.playground; name = "03 - Race Conditions in Combine.playground"; path = "../Playgrounds/03 - Race Conditions in Combine.playground"; sourceTree = "<group>"; };
		FBE200F629607B6A00F59C1B /* 07 - Operators.playground */ = {isa = PBXFileReference; lastKnownFileType = file.playground; name = "07 - Operators.playground"; path = "../Playgrounds/07 - Operators.playground"; sourceTree = "<group>"; };
		FBE200F729607B6B00F59C1B /* 06 - FreeCombine.playground */ = {isa = PBXFileReference; lastKnownFileType = file.playground; name = "06 - FreeCombine.playground"; path = "../Playgrounds/06 - FreeCombine.playground"; sourceTree = "<group>"; };
		FBE200F829607B6B00F59C1B /* 05 - State.playground */ = {isa = PBXFileReference; lastKnownFileType = file.playground; name = "05 - State.playground"; path = "../Playgrounds/05 - State.playground"; sourceTree = "<group>"; };
		FBE200F929607B6C00F59C1B /* 02 - Continuation Passing Style.playground */ = {isa = PBXFileReference; lastKnownFileType = file.playground; name = "02 - Continuation Passing Style.playground"; path = "../Playgrounds/02 - Continuation Passing Style.playground"; sourceTree = "<group>"; };
		FBE200FA29607B6C00F59C1B /* 01 - Protocol Free Design.playground */ = {isa = PBXFileReference; lastKnownFileType = file.playground; name = "01 - Protocol Free Design.playground"; path = "../Playgrounds/01 - Protocol Free Design.playground"; sourceTree = "<group>"; };
		FBE200FB29607B6D00F59C1B /* 08 - Promises.playground */ = {isa = PBXFileReference; lastKnownFileType = file.playground; name = "08 - Promises.playground"; path = "../Playgrounds/08 - Promises.playground"; sourceTree = "<group>"; };
		FBE200FC29607B6E00F59C1B /* 09 - Publishers.playground */ = {isa = PBXFileReference; lastKnownFileType = file.playground; name = "09 - Publishers.playground"; path = "../Playgrounds/09 - Publishers.playground"; sourceTree = "<group>"; };
		FBE200FD29607B6E00F59C1B /* 04 - RAII - Even More Structured Concurrency.playground */ = {isa = PBXFileReference; lastKnownFileType = file.playground; name = "04 - RAII - Even More Structured Concurrency.playground"; path = "../Playgrounds/04 - RAII - Even More Structured Concurrency.playground"; sourceTree = "<group>"; };
/* End PBXFileReference section */

/* Begin PBXFrameworksBuildPhase section */
		FBC82372294622A10084250F /* Frameworks */ = {
			isa = PBXFrameworksBuildPhase;
			buildActionMask = 2147483647;
			files = (
				FBC823AD294624780084250F /* Dependencies in Frameworks */,
				FBC823AB294624780084250F /* ComposableArchitecture in Frameworks */,
				FBC823A82946234C0084250F /* ComposableConcurrency in Frameworks */,
			);
			runOnlyForDeploymentPostprocessing = 0;
		};
		FBC82383294622A20084250F /* Frameworks */ = {
			isa = PBXFrameworksBuildPhase;
			buildActionMask = 2147483647;
			files = (
			);
			runOnlyForDeploymentPostprocessing = 0;
		};
		FBC8238D294622A20084250F /* Frameworks */ = {
			isa = PBXFrameworksBuildPhase;
			buildActionMask = 2147483647;
			files = (
			);
			runOnlyForDeploymentPostprocessing = 0;
		};
/* End PBXFrameworksBuildPhase section */

/* Begin PBXGroup section */
		FB8A342F29513E3800F144FA /* Playgrounds */ = {
			isa = PBXGroup;
			children = (
				FBE200FA29607B6C00F59C1B /* 01 - Protocol Free Design.playground */,
				FBE200F929607B6C00F59C1B /* 02 - Continuation Passing Style.playground */,
				FBE200F529607B6900F59C1B /* 03 - Race Conditions in Combine.playground */,
				FBE200FD29607B6E00F59C1B /* 04 - RAII - Even More Structured Concurrency.playground */,
				FBE200F829607B6B00F59C1B /* 05 - State.playground */,
				FBE200F729607B6B00F59C1B /* 06 - FreeCombine.playground */,
				FBE200F629607B6A00F59C1B /* 07 - Operators.playground */,
				FBE200FB29607B6D00F59C1B /* 08 - Promises.playground */,
				FBE200FC29607B6E00F59C1B /* 09 - Publishers.playground */,
				FB25793A29588FD4005001CB /* Concurrency.playground */,
				FB8A34312951407300F144FA /* Atomics.playground */,
				FB8A343229514FA500F144FA /* Composition.playground */,
				FB8A343329514FAE00F144FA /* Map.playground */,
				FB8A343029513E5100F144FA /* Timeout.playground */,
				FB8A343429514FB500F144FA /* Debounce.playground */,
			);
			name = Playgrounds;
			sourceTree = "<group>";
		};
		FBC8236C294622A10084250F = {
			isa = PBXGroup;
			children = (
				FBC82377294622A10084250F /* Examples */,
				FBC82389294622A20084250F /* ExamplesTests */,
				FBC82393294622A20084250F /* ExamplesUITests */,
				FBC823A3294623040084250F /* Packages */,
				FB8A342F29513E3800F144FA /* Playgrounds */,
				FBC82376294622A10084250F /* Products */,
				FBC823A62946234C0084250F /* Frameworks */,
			);
			sourceTree = "<group>";
		};
		FBC82376294622A10084250F /* Products */ = {
			isa = PBXGroup;
			children = (
				FBC82375294622A10084250F /* Examples.app */,
				FBC82386294622A20084250F /* ExamplesTests.xctest */,
				FBC82390294622A20084250F /* ExamplesUITests.xctest */,
			);
			name = Products;
			sourceTree = "<group>";
		};
		FBC82377294622A10084250F /* Examples */ = {
			isa = PBXGroup;
			children = (
				FBC823A5294623430084250F /* Info.plist */,
				FBC82378294622A10084250F /* ExamplesApp.swift */,
				FBC8237A294622A10084250F /* ContentView.swift */,
				FBC823B0294651960084250F /* CoreView.swift */,
				FBC823B2294653720084250F /* ChannelView.swift */,
				FBC823B4294653810084250F /* QueueView.swift */,
				FBC823B6294653910084250F /* FutureView.swift */,
				FBC823B82946539A0084250F /* PublisherView.swift */,
				FBC823AE29464AF40084250F /* Application.swift */,
				FBC8237C294622A20084250F /* Assets.xcassets */,
				FBC8237E294622A20084250F /* Examples.entitlements */,
				FBC8237F294622A20084250F /* Preview Content */,
			);
			path = Examples;
			sourceTree = "<group>";
		};
		FBC8237F294622A20084250F /* Preview Content */ = {
			isa = PBXGroup;
			children = (
				FBC82380294622A20084250F /* Preview Assets.xcassets */,
			);
			path = "Preview Content";
			sourceTree = "<group>";
		};
		FBC82389294622A20084250F /* ExamplesTests */ = {
			isa = PBXGroup;
			children = (
				FBC8238A294622A20084250F /* ExamplesTests.swift */,
			);
			path = ExamplesTests;
			sourceTree = "<group>";
		};
		FBC82393294622A20084250F /* ExamplesUITests */ = {
			isa = PBXGroup;
			children = (
				FBC82394294622A20084250F /* ExamplesUITests.swift */,
				FBC82396294622A20084250F /* ExamplesUITestsLaunchTests.swift */,
			);
			path = ExamplesUITests;
			sourceTree = "<group>";
		};
		FBC823A3294623040084250F /* Packages */ = {
			isa = PBXGroup;
			children = (
				FBC823A4294623040084250F /* ComposableConcurrency */,
			);
			name = Packages;
			sourceTree = "<group>";
		};
		FBC823A62946234C0084250F /* Frameworks */ = {
			isa = PBXGroup;
			children = (
			);
			name = Frameworks;
			sourceTree = "<group>";
		};
/* End PBXGroup section */

/* Begin PBXNativeTarget section */
		FBC82374294622A10084250F /* Examples */ = {
			isa = PBXNativeTarget;
			buildConfigurationList = FBC8239A294622A20084250F /* Build configuration list for PBXNativeTarget "Examples" */;
			buildPhases = (
				FBC82371294622A10084250F /* Sources */,
				FBC82372294622A10084250F /* Frameworks */,
				FBC82373294622A10084250F /* Resources */,
			);
			buildRules = (
			);
			dependencies = (
			);
			name = Examples;
			packageProductDependencies = (
				FBC823A72946234C0084250F /* ComposableConcurrency */,
				FBC823AA294624780084250F /* ComposableArchitecture */,
				FBC823AC294624780084250F /* Dependencies */,
			);
			productName = Examples;
			productReference = FBC82375294622A10084250F /* Examples.app */;
			productType = "com.apple.product-type.application";
		};
		FBC82385294622A20084250F /* ExamplesTests */ = {
			isa = PBXNativeTarget;
			buildConfigurationList = FBC8239D294622A20084250F /* Build configuration list for PBXNativeTarget "ExamplesTests" */;
			buildPhases = (
				FBC82382294622A20084250F /* Sources */,
				FBC82383294622A20084250F /* Frameworks */,
				FBC82384294622A20084250F /* Resources */,
			);
			buildRules = (
			);
			dependencies = (
				FBC82388294622A20084250F /* PBXTargetDependency */,
			);
			name = ExamplesTests;
			productName = ExamplesTests;
			productReference = FBC82386294622A20084250F /* ExamplesTests.xctest */;
			productType = "com.apple.product-type.bundle.unit-test";
		};
		FBC8238F294622A20084250F /* ExamplesUITests */ = {
			isa = PBXNativeTarget;
			buildConfigurationList = FBC823A0294622A20084250F /* Build configuration list for PBXNativeTarget "ExamplesUITests" */;
			buildPhases = (
				FBC8238C294622A20084250F /* Sources */,
				FBC8238D294622A20084250F /* Frameworks */,
				FBC8238E294622A20084250F /* Resources */,
			);
			buildRules = (
			);
			dependencies = (
				FBC82392294622A20084250F /* PBXTargetDependency */,
			);
			name = ExamplesUITests;
			productName = ExamplesUITests;
			productReference = FBC82390294622A20084250F /* ExamplesUITests.xctest */;
			productType = "com.apple.product-type.bundle.ui-testing";
		};
/* End PBXNativeTarget section */

/* Begin PBXProject section */
		FBC8236D294622A10084250F /* Project object */ = {
			isa = PBXProject;
			attributes = {
				BuildIndependentTargetsInParallel = 1;
				LastSwiftUpdateCheck = 1420;
				LastUpgradeCheck = 1430;
				TargetAttributes = {
					FBC82374294622A10084250F = {
						CreatedOnToolsVersion = 14.2;
					};
					FBC82385294622A20084250F = {
						CreatedOnToolsVersion = 14.2;
						TestTargetID = FBC82374294622A10084250F;
					};
					FBC8238F294622A20084250F = {
						CreatedOnToolsVersion = 14.2;
						TestTargetID = FBC82374294622A10084250F;
					};
				};
			};
			buildConfigurationList = FBC82370294622A10084250F /* Build configuration list for PBXProject "Examples" */;
			compatibilityVersion = "Xcode 14.0";
			developmentRegion = en;
			hasScannedForEncodings = 0;
			knownRegions = (
				en,
				Base,
			);
			mainGroup = FBC8236C294622A10084250F;
			packageReferences = (
				FBC823A9294624780084250F /* XCRemoteSwiftPackageReference "swift-composable-architecture" */,
			);
			productRefGroup = FBC82376294622A10084250F /* Products */;
			projectDirPath = "";
			projectRoot = "";
			targets = (
				FBC82374294622A10084250F /* Examples */,
				FBC82385294622A20084250F /* ExamplesTests */,
				FBC8238F294622A20084250F /* ExamplesUITests */,
			);
		};
/* End PBXProject section */

/* Begin PBXResourcesBuildPhase section */
		FBC82373294622A10084250F /* Resources */ = {
			isa = PBXResourcesBuildPhase;
			buildActionMask = 2147483647;
			files = (
				FBC82381294622A20084250F /* Preview Assets.xcassets in Resources */,
				FBC8237D294622A20084250F /* Assets.xcassets in Resources */,
			);
			runOnlyForDeploymentPostprocessing = 0;
		};
		FBC82384294622A20084250F /* Resources */ = {
			isa = PBXResourcesBuildPhase;
			buildActionMask = 2147483647;
			files = (
			);
			runOnlyForDeploymentPostprocessing = 0;
		};
		FBC8238E294622A20084250F /* Resources */ = {
			isa = PBXResourcesBuildPhase;
			buildActionMask = 2147483647;
			files = (
			);
			runOnlyForDeploymentPostprocessing = 0;
		};
/* End PBXResourcesBuildPhase section */

/* Begin PBXSourcesBuildPhase section */
		FBC82371294622A10084250F /* Sources */ = {
			isa = PBXSourcesBuildPhase;
			buildActionMask = 2147483647;
			files = (
				FBC823AF29464AF40084250F /* Application.swift in Sources */,
				FBC823B1294651960084250F /* CoreView.swift in Sources */,
				FBC8237B294622A10084250F /* ContentView.swift in Sources */,
				FBC823B3294653720084250F /* ChannelView.swift in Sources */,
				FBC823B7294653910084250F /* FutureView.swift in Sources */,
				FBC823B5294653810084250F /* QueueView.swift in Sources */,
				FBC82379294622A10084250F /* ExamplesApp.swift in Sources */,
				FBC823B92946539A0084250F /* PublisherView.swift in Sources */,
			);
			runOnlyForDeploymentPostprocessing = 0;
		};
		FBC82382294622A20084250F /* Sources */ = {
			isa = PBXSourcesBuildPhase;
			buildActionMask = 2147483647;
			files = (
				FBC8238B294622A20084250F /* ExamplesTests.swift in Sources */,
			);
			runOnlyForDeploymentPostprocessing = 0;
		};
		FBC8238C294622A20084250F /* Sources */ = {
			isa = PBXSourcesBuildPhase;
			buildActionMask = 2147483647;
			files = (
				FBC82397294622A20084250F /* ExamplesUITestsLaunchTests.swift in Sources */,
				FBC82395294622A20084250F /* ExamplesUITests.swift in Sources */,
			);
			runOnlyForDeploymentPostprocessing = 0;
		};
/* End PBXSourcesBuildPhase section */

/* Begin PBXTargetDependency section */
		FBC82388294622A20084250F /* PBXTargetDependency */ = {
			isa = PBXTargetDependency;
			target = FBC82374294622A10084250F /* Examples */;
			targetProxy = FBC82387294622A20084250F /* PBXContainerItemProxy */;
		};
		FBC82392294622A20084250F /* PBXTargetDependency */ = {
			isa = PBXTargetDependency;
			target = FBC82374294622A10084250F /* Examples */;
			targetProxy = FBC82391294622A20084250F /* PBXContainerItemProxy */;
		};
/* End PBXTargetDependency section */

/* Begin XCBuildConfiguration section */
		FBC82398294622A20084250F /* Debug */ = {
			isa = XCBuildConfiguration;
			buildSettings = {
				ALWAYS_SEARCH_USER_PATHS = NO;
				CLANG_ANALYZER_NONNULL = YES;
				CLANG_ANALYZER_NUMBER_OBJECT_CONVERSION = YES_AGGRESSIVE;
				CLANG_CXX_LANGUAGE_STANDARD = "gnu++20";
				CLANG_ENABLE_MODULES = YES;
				CLANG_ENABLE_OBJC_ARC = YES;
				CLANG_ENABLE_OBJC_WEAK = YES;
				CLANG_WARN_BLOCK_CAPTURE_AUTORELEASING = YES;
				CLANG_WARN_BOOL_CONVERSION = YES;
				CLANG_WARN_COMMA = YES;
				CLANG_WARN_CONSTANT_CONVERSION = YES;
				CLANG_WARN_DEPRECATED_OBJC_IMPLEMENTATIONS = YES;
				CLANG_WARN_DIRECT_OBJC_ISA_USAGE = YES_ERROR;
				CLANG_WARN_DOCUMENTATION_COMMENTS = YES;
				CLANG_WARN_EMPTY_BODY = YES;
				CLANG_WARN_ENUM_CONVERSION = YES;
				CLANG_WARN_INFINITE_RECURSION = YES;
				CLANG_WARN_INT_CONVERSION = YES;
				CLANG_WARN_NON_LITERAL_NULL_CONVERSION = YES;
				CLANG_WARN_OBJC_IMPLICIT_RETAIN_SELF = YES;
				CLANG_WARN_OBJC_LITERAL_CONVERSION = YES;
				CLANG_WARN_OBJC_ROOT_CLASS = YES_ERROR;
				CLANG_WARN_QUOTED_INCLUDE_IN_FRAMEWORK_HEADER = YES;
				CLANG_WARN_RANGE_LOOP_ANALYSIS = YES;
				CLANG_WARN_STRICT_PROTOTYPES = YES;
				CLANG_WARN_SUSPICIOUS_MOVE = YES;
				CLANG_WARN_UNGUARDED_AVAILABILITY = YES_AGGRESSIVE;
				CLANG_WARN_UNREACHABLE_CODE = YES;
				CLANG_WARN__DUPLICATE_METHOD_MATCH = YES;
				COPY_PHASE_STRIP = NO;
				DEAD_CODE_STRIPPING = YES;
				DEBUG_INFORMATION_FORMAT = dwarf;
				ENABLE_STRICT_OBJC_MSGSEND = YES;
				ENABLE_TESTABILITY = YES;
				GCC_C_LANGUAGE_STANDARD = gnu11;
				GCC_DYNAMIC_NO_PIC = NO;
				GCC_NO_COMMON_BLOCKS = YES;
				GCC_OPTIMIZATION_LEVEL = 0;
				GCC_PREPROCESSOR_DEFINITIONS = (
					"DEBUG=1",
					"$(inherited)",
				);
				GCC_WARN_64_TO_32_BIT_CONVERSION = YES;
				GCC_WARN_ABOUT_RETURN_TYPE = YES_ERROR;
				GCC_WARN_UNDECLARED_SELECTOR = YES;
				GCC_WARN_UNINITIALIZED_AUTOS = YES_AGGRESSIVE;
				GCC_WARN_UNUSED_FUNCTION = YES;
				GCC_WARN_UNUSED_VARIABLE = YES;
				IPHONEOS_DEPLOYMENT_TARGET = 16.0;
				MACOSX_DEPLOYMENT_TARGET = 13.0;
				MTL_ENABLE_DEBUG_INFO = INCLUDE_SOURCE;
				MTL_FAST_MATH = YES;
				ONLY_ACTIVE_ARCH = YES;
				SWIFT_ACTIVE_COMPILATION_CONDITIONS = DEBUG;
				SWIFT_OPTIMIZATION_LEVEL = "-Onone";
			};
			name = Debug;
		};
		FBC82399294622A20084250F /* Release */ = {
			isa = XCBuildConfiguration;
			buildSettings = {
				ALWAYS_SEARCH_USER_PATHS = NO;
				CLANG_ANALYZER_NONNULL = YES;
				CLANG_ANALYZER_NUMBER_OBJECT_CONVERSION = YES_AGGRESSIVE;
				CLANG_CXX_LANGUAGE_STANDARD = "gnu++20";
				CLANG_ENABLE_MODULES = YES;
				CLANG_ENABLE_OBJC_ARC = YES;
				CLANG_ENABLE_OBJC_WEAK = YES;
				CLANG_WARN_BLOCK_CAPTURE_AUTORELEASING = YES;
				CLANG_WARN_BOOL_CONVERSION = YES;
				CLANG_WARN_COMMA = YES;
				CLANG_WARN_CONSTANT_CONVERSION = YES;
				CLANG_WARN_DEPRECATED_OBJC_IMPLEMENTATIONS = YES;
				CLANG_WARN_DIRECT_OBJC_ISA_USAGE = YES_ERROR;
				CLANG_WARN_DOCUMENTATION_COMMENTS = YES;
				CLANG_WARN_EMPTY_BODY = YES;
				CLANG_WARN_ENUM_CONVERSION = YES;
				CLANG_WARN_INFINITE_RECURSION = YES;
				CLANG_WARN_INT_CONVERSION = YES;
				CLANG_WARN_NON_LITERAL_NULL_CONVERSION = YES;
				CLANG_WARN_OBJC_IMPLICIT_RETAIN_SELF = YES;
				CLANG_WARN_OBJC_LITERAL_CONVERSION = YES;
				CLANG_WARN_OBJC_ROOT_CLASS = YES_ERROR;
				CLANG_WARN_QUOTED_INCLUDE_IN_FRAMEWORK_HEADER = YES;
				CLANG_WARN_RANGE_LOOP_ANALYSIS = YES;
				CLANG_WARN_STRICT_PROTOTYPES = YES;
				CLANG_WARN_SUSPICIOUS_MOVE = YES;
				CLANG_WARN_UNGUARDED_AVAILABILITY = YES_AGGRESSIVE;
				CLANG_WARN_UNREACHABLE_CODE = YES;
				CLANG_WARN__DUPLICATE_METHOD_MATCH = YES;
				COPY_PHASE_STRIP = NO;
				DEAD_CODE_STRIPPING = YES;
				DEBUG_INFORMATION_FORMAT = "dwarf-with-dsym";
				ENABLE_NS_ASSERTIONS = NO;
				ENABLE_STRICT_OBJC_MSGSEND = YES;
				GCC_C_LANGUAGE_STANDARD = gnu11;
				GCC_NO_COMMON_BLOCKS = YES;
				GCC_WARN_64_TO_32_BIT_CONVERSION = YES;
				GCC_WARN_ABOUT_RETURN_TYPE = YES_ERROR;
				GCC_WARN_UNDECLARED_SELECTOR = YES;
				GCC_WARN_UNINITIALIZED_AUTOS = YES_AGGRESSIVE;
				GCC_WARN_UNUSED_FUNCTION = YES;
				GCC_WARN_UNUSED_VARIABLE = YES;
				IPHONEOS_DEPLOYMENT_TARGET = 16.0;
				MACOSX_DEPLOYMENT_TARGET = 13.0;
				MTL_ENABLE_DEBUG_INFO = NO;
				MTL_FAST_MATH = YES;
				SWIFT_COMPILATION_MODE = wholemodule;
				SWIFT_OPTIMIZATION_LEVEL = "-O";
			};
			name = Release;
		};
		FBC8239B294622A20084250F /* Debug */ = {
			isa = XCBuildConfiguration;
			buildSettings = {
				ASSETCATALOG_COMPILER_APPICON_NAME = AppIcon;
				ASSETCATALOG_COMPILER_GLOBAL_ACCENT_COLOR_NAME = AccentColor;
				CODE_SIGN_ENTITLEMENTS = Examples/Examples.entitlements;
				CODE_SIGN_STYLE = Automatic;
				CURRENT_PROJECT_VERSION = 1;
				DEAD_CODE_STRIPPING = YES;
				DEVELOPMENT_ASSET_PATHS = "\"Examples/Preview Content\"";
				ENABLE_PREVIEWS = YES;
				GENERATE_INFOPLIST_FILE = YES;
				INFOPLIST_FILE = Examples/Info.plist;
				"INFOPLIST_KEY_UIApplicationSceneManifest_Generation[sdk=iphoneos*]" = YES;
				"INFOPLIST_KEY_UIApplicationSceneManifest_Generation[sdk=iphonesimulator*]" = YES;
				"INFOPLIST_KEY_UIApplicationSupportsIndirectInputEvents[sdk=iphoneos*]" = YES;
				"INFOPLIST_KEY_UIApplicationSupportsIndirectInputEvents[sdk=iphonesimulator*]" = YES;
				"INFOPLIST_KEY_UILaunchScreen_Generation[sdk=iphoneos*]" = YES;
				"INFOPLIST_KEY_UILaunchScreen_Generation[sdk=iphonesimulator*]" = YES;
				"INFOPLIST_KEY_UIStatusBarStyle[sdk=iphoneos*]" = UIStatusBarStyleDefault;
				"INFOPLIST_KEY_UIStatusBarStyle[sdk=iphonesimulator*]" = UIStatusBarStyleDefault;
				INFOPLIST_KEY_UISupportedInterfaceOrientations_iPad = "UIInterfaceOrientationPortrait UIInterfaceOrientationPortraitUpsideDown UIInterfaceOrientationLandscapeLeft UIInterfaceOrientationLandscapeRight";
				INFOPLIST_KEY_UISupportedInterfaceOrientations_iPhone = "UIInterfaceOrientationPortrait UIInterfaceOrientationLandscapeLeft UIInterfaceOrientationLandscapeRight";
				IPHONEOS_DEPLOYMENT_TARGET = 16.2;
				LD_RUNPATH_SEARCH_PATHS = "@executable_path/Frameworks";
				"LD_RUNPATH_SEARCH_PATHS[sdk=macosx*]" = "@executable_path/../Frameworks";
				MACOSX_DEPLOYMENT_TARGET = 13.1;
				MARKETING_VERSION = 1.0;
				PRODUCT_BUNDLE_IDENTIFIER = com.computecycles.Examples;
				PRODUCT_NAME = "$(TARGET_NAME)";
				SDKROOT = auto;
				SUPPORTED_PLATFORMS = "iphoneos iphonesimulator macosx";
				SWIFT_EMIT_LOC_STRINGS = YES;
				SWIFT_VERSION = 5.0;
				TARGETED_DEVICE_FAMILY = "1,2";
			};
			name = Debug;
		};
		FBC8239C294622A20084250F /* Release */ = {
			isa = XCBuildConfiguration;
			buildSettings = {
				ASSETCATALOG_COMPILER_APPICON_NAME = AppIcon;
				ASSETCATALOG_COMPILER_GLOBAL_ACCENT_COLOR_NAME = AccentColor;
				CODE_SIGN_ENTITLEMENTS = Examples/Examples.entitlements;
				CODE_SIGN_STYLE = Automatic;
				CURRENT_PROJECT_VERSION = 1;
				DEAD_CODE_STRIPPING = YES;
				DEVELOPMENT_ASSET_PATHS = "\"Examples/Preview Content\"";
				ENABLE_PREVIEWS = YES;
				GENERATE_INFOPLIST_FILE = YES;
				INFOPLIST_FILE = Examples/Info.plist;
				"INFOPLIST_KEY_UIApplicationSceneManifest_Generation[sdk=iphoneos*]" = YES;
				"INFOPLIST_KEY_UIApplicationSceneManifest_Generation[sdk=iphonesimulator*]" = YES;
				"INFOPLIST_KEY_UIApplicationSupportsIndirectInputEvents[sdk=iphoneos*]" = YES;
				"INFOPLIST_KEY_UIApplicationSupportsIndirectInputEvents[sdk=iphonesimulator*]" = YES;
				"INFOPLIST_KEY_UILaunchScreen_Generation[sdk=iphoneos*]" = YES;
				"INFOPLIST_KEY_UILaunchScreen_Generation[sdk=iphonesimulator*]" = YES;
				"INFOPLIST_KEY_UIStatusBarStyle[sdk=iphoneos*]" = UIStatusBarStyleDefault;
				"INFOPLIST_KEY_UIStatusBarStyle[sdk=iphonesimulator*]" = UIStatusBarStyleDefault;
				INFOPLIST_KEY_UISupportedInterfaceOrientations_iPad = "UIInterfaceOrientationPortrait UIInterfaceOrientationPortraitUpsideDown UIInterfaceOrientationLandscapeLeft UIInterfaceOrientationLandscapeRight";
				INFOPLIST_KEY_UISupportedInterfaceOrientations_iPhone = "UIInterfaceOrientationPortrait UIInterfaceOrientationLandscapeLeft UIInterfaceOrientationLandscapeRight";
				IPHONEOS_DEPLOYMENT_TARGET = 16.2;
				LD_RUNPATH_SEARCH_PATHS = "@executable_path/Frameworks";
				"LD_RUNPATH_SEARCH_PATHS[sdk=macosx*]" = "@executable_path/../Frameworks";
				MACOSX_DEPLOYMENT_TARGET = 13.1;
				MARKETING_VERSION = 1.0;
				PRODUCT_BUNDLE_IDENTIFIER = com.computecycles.Examples;
				PRODUCT_NAME = "$(TARGET_NAME)";
				SDKROOT = auto;
				SUPPORTED_PLATFORMS = "iphoneos iphonesimulator macosx";
				SWIFT_EMIT_LOC_STRINGS = YES;
				SWIFT_VERSION = 5.0;
				TARGETED_DEVICE_FAMILY = "1,2";
			};
			name = Release;
		};
		FBC8239E294622A20084250F /* Debug */ = {
			isa = XCBuildConfiguration;
			buildSettings = {
				ALWAYS_EMBED_SWIFT_STANDARD_LIBRARIES = YES;
				BUNDLE_LOADER = "$(TEST_HOST)";
				CODE_SIGN_STYLE = Automatic;
				CURRENT_PROJECT_VERSION = 1;
				DEAD_CODE_STRIPPING = YES;
				GENERATE_INFOPLIST_FILE = YES;
				IPHONEOS_DEPLOYMENT_TARGET = 16.2;
				MACOSX_DEPLOYMENT_TARGET = 13.1;
				MARKETING_VERSION = 1.0;
				PRODUCT_BUNDLE_IDENTIFIER = com.computecycles.ExamplesTests;
				PRODUCT_NAME = "$(TARGET_NAME)";
				SDKROOT = auto;
				SUPPORTED_PLATFORMS = "iphoneos iphonesimulator macosx";
				SWIFT_EMIT_LOC_STRINGS = NO;
				SWIFT_VERSION = 5.0;
				TARGETED_DEVICE_FAMILY = "1,2";
				TEST_HOST = "$(BUILT_PRODUCTS_DIR)/Examples.app/$(BUNDLE_EXECUTABLE_FOLDER_PATH)/Examples";
			};
			name = Debug;
		};
		FBC8239F294622A20084250F /* Release */ = {
			isa = XCBuildConfiguration;
			buildSettings = {
				ALWAYS_EMBED_SWIFT_STANDARD_LIBRARIES = YES;
				BUNDLE_LOADER = "$(TEST_HOST)";
				CODE_SIGN_STYLE = Automatic;
				CURRENT_PROJECT_VERSION = 1;
				DEAD_CODE_STRIPPING = YES;
				GENERATE_INFOPLIST_FILE = YES;
				IPHONEOS_DEPLOYMENT_TARGET = 16.2;
				MACOSX_DEPLOYMENT_TARGET = 13.1;
				MARKETING_VERSION = 1.0;
				PRODUCT_BUNDLE_IDENTIFIER = com.computecycles.ExamplesTests;
				PRODUCT_NAME = "$(TARGET_NAME)";
				SDKROOT = auto;
				SUPPORTED_PLATFORMS = "iphoneos iphonesimulator macosx";
				SWIFT_EMIT_LOC_STRINGS = NO;
				SWIFT_VERSION = 5.0;
				TARGETED_DEVICE_FAMILY = "1,2";
				TEST_HOST = "$(BUILT_PRODUCTS_DIR)/Examples.app/$(BUNDLE_EXECUTABLE_FOLDER_PATH)/Examples";
			};
			name = Release;
		};
		FBC823A1294622A20084250F /* Debug */ = {
			isa = XCBuildConfiguration;
			buildSettings = {
				ALWAYS_EMBED_SWIFT_STANDARD_LIBRARIES = YES;
				CODE_SIGN_STYLE = Automatic;
				CURRENT_PROJECT_VERSION = 1;
				DEAD_CODE_STRIPPING = YES;
				GENERATE_INFOPLIST_FILE = YES;
				IPHONEOS_DEPLOYMENT_TARGET = 16.2;
				MACOSX_DEPLOYMENT_TARGET = 13.1;
				MARKETING_VERSION = 1.0;
				PRODUCT_BUNDLE_IDENTIFIER = com.computecycles.ExamplesUITests;
				PRODUCT_NAME = "$(TARGET_NAME)";
				SDKROOT = auto;
				SUPPORTED_PLATFORMS = "iphoneos iphonesimulator macosx";
				SWIFT_EMIT_LOC_STRINGS = NO;
				SWIFT_VERSION = 5.0;
				TARGETED_DEVICE_FAMILY = "1,2";
				TEST_TARGET_NAME = Examples;
			};
			name = Debug;
		};
		FBC823A2294622A20084250F /* Release */ = {
			isa = XCBuildConfiguration;
			buildSettings = {
				ALWAYS_EMBED_SWIFT_STANDARD_LIBRARIES = YES;
				CODE_SIGN_STYLE = Automatic;
				CURRENT_PROJECT_VERSION = 1;
				DEAD_CODE_STRIPPING = YES;
				GENERATE_INFOPLIST_FILE = YES;
				IPHONEOS_DEPLOYMENT_TARGET = 16.2;
				MACOSX_DEPLOYMENT_TARGET = 13.1;
				MARKETING_VERSION = 1.0;
				PRODUCT_BUNDLE_IDENTIFIER = com.computecycles.ExamplesUITests;
				PRODUCT_NAME = "$(TARGET_NAME)";
				SDKROOT = auto;
				SUPPORTED_PLATFORMS = "iphoneos iphonesimulator macosx";
				SWIFT_EMIT_LOC_STRINGS = NO;
				SWIFT_VERSION = 5.0;
				TARGETED_DEVICE_FAMILY = "1,2";
				TEST_TARGET_NAME = Examples;
			};
			name = Release;
		};
/* End XCBuildConfiguration section */

/* Begin XCConfigurationList section */
		FBC82370294622A10084250F /* Build configuration list for PBXProject "Examples" */ = {
			isa = XCConfigurationList;
			buildConfigurations = (
				FBC82398294622A20084250F /* Debug */,
				FBC82399294622A20084250F /* Release */,
			);
			defaultConfigurationIsVisible = 0;
			defaultConfigurationName = Release;
		};
		FBC8239A294622A20084250F /* Build configuration list for PBXNativeTarget "Examples" */ = {
			isa = XCConfigurationList;
			buildConfigurations = (
				FBC8239B294622A20084250F /* Debug */,
				FBC8239C294622A20084250F /* Release */,
			);
			defaultConfigurationIsVisible = 0;
			defaultConfigurationName = Release;
		};
		FBC8239D294622A20084250F /* Build configuration list for PBXNativeTarget "ExamplesTests" */ = {
			isa = XCConfigurationList;
			buildConfigurations = (
				FBC8239E294622A20084250F /* Debug */,
				FBC8239F294622A20084250F /* Release */,
			);
			defaultConfigurationIsVisible = 0;
			defaultConfigurationName = Release;
		};
		FBC823A0294622A20084250F /* Build configuration list for PBXNativeTarget "ExamplesUITests" */ = {
			isa = XCConfigurationList;
			buildConfigurations = (
				FBC823A1294622A20084250F /* Debug */,
				FBC823A2294622A20084250F /* Release */,
			);
			defaultConfigurationIsVisible = 0;
			defaultConfigurationName = Release;
		};
/* End XCConfigurationList section */

/* Begin XCRemoteSwiftPackageReference section */
		FBC823A9294624780084250F /* XCRemoteSwiftPackageReference "swift-composable-architecture" */ = {
			isa = XCRemoteSwiftPackageReference;
			repositoryURL = "https://github.com/pointfreeco/swift-composable-architecture.git";
			requirement = {
				kind = upToNextMajorVersion;
				minimumVersion = 0.34.0;
			};
		};
/* End XCRemoteSwiftPackageReference section */

/* Begin XCSwiftPackageProductDependency section */
		FBC823A72946234C0084250F /* ComposableConcurrency */ = {
			isa = XCSwiftPackageProductDependency;
			productName = ComposableConcurrency;
		};
		FBC823AA294624780084250F /* ComposableArchitecture */ = {
			isa = XCSwiftPackageProductDependency;
			package = FBC823A9294624780084250F /* XCRemoteSwiftPackageReference "swift-composable-architecture" */;
			productName = ComposableArchitecture;
		};
		FBC823AC294624780084250F /* Dependencies */ = {
			isa = XCSwiftPackageProductDependency;
			package = FBC823A9294624780084250F /* XCRemoteSwiftPackageReference "swift-composable-architecture" */;
			productName = Dependencies;
		};
/* End XCSwiftPackageProductDependency section */
	};
	rootObject = FBC8236D294622A10084250F /* Project object */;
}
